
Microsoft Visual Studio Solution File, Format Version 12.00
# Visual Studio 15
VisualStudioVersion = 15.0.26730.15
MinimumVisualStudioVersion = 10.0.40219.1
Project("{8BC9CEB8-8B4A-11D0-8D11-00A0C91BC942}") = "MNIST_CNN-Toy", "MNIST_CNN-Toy\MNIST_CNN-Toy.vcxproj", "{C65703EA-6F3D-43D0-9921-4E8268184B8D}"
EndProject
Global
	GlobalSection(SolutionConfigurationPlatforms) = preSolution
		Debug OpenCL|x64 = Debug OpenCL|x64
		Debug OpenCL|x86 = Debug OpenCL|x86
		Release OpenCL|x64 = Release OpenCL|x64
		Release OpenCL|x86 = Release OpenCL|x86
	EndGlobalSection
	GlobalSection(ProjectConfigurationPlatforms) = postSolution
		{C65703EA-6F3D-43D0-9921-4E8268184B8D}.Debug OpenCL|x64.ActiveCfg = Debug OpenCL|x64
		{C65703EA-6F3D-43D0-9921-4E8268184B8D}.Debug OpenCL|x64.Build.0 = Debug OpenCL|x64
		{C65703EA-6F3D-43D0-9921-4E8268184B8D}.Debug OpenCL|x86.ActiveCfg = Debug OpenCL|Win32
		{C65703EA-6F3D-43D0-9921-4E8268184B8D}.Debug OpenCL|x86.Build.0 = Debug OpenCL|Win32
		{C65703EA-6F3D-43D0-9921-4E8268184B8D}.Release OpenCL|x64.ActiveCfg = Release OpenCL|x64
		{C65703EA-6F3D-43D0-9921-4E8268184B8D}.Release OpenCL|x64.Build.0 = Release OpenCL|x64
		{C65703EA-6F3D-43D0-9921-4E8268184B8D}.Release OpenCL|x86.ActiveCfg = Release OpenCL|Win32
		{C65703EA-6F3D-43D0-9921-4E8268184B8D}.Release OpenCL|x86.Build.0 = Release OpenCL|Win32
	EndGlobalSection
	GlobalSection(SolutionProperties) = preSolution
		HideSolutionNode = FALSE
	EndGlobalSection
	GlobalSection(ExtensibilityGlobals) = postSolution
		SolutionGuid = {364D7AE1-9766-41BE-B6AE-7BB8AAE2EE14}
	EndGlobalSection
EndGlobal
